{
  "name": "vencord-autojoinqueue-plugin",
  "version": "1.0.0",
  "lockfileVersion": 3,
  "requires": true,
  "packages": {
    "": {
      "name": "vencord-autojoinqueue-plugin",
      "version": "1.0.0",
      "dependencies": {
        "@intrnl/xxhash64": "^0.1.2",
        "@vap/core": "0.0.12",
        "@vap/shiki": "0.10.5",
        "fflate": "^0.8.2",
        "gifenc": "github:mattdesl/gifenc#64842fca317b112a8590f8fef2bf3825da8f6fe3",
        "monaco-editor": "^0.54.0",
        "nanoid": "^5.1.6",
        "virtual-merge": "^1.0.1"
      },
      "devDependencies": {
        "@types/node": "^24.10.1",
        "@types/react": "^19.0.10",
        "@types/react-dom": "^19.0.4",
        "typescript": "^5.9.3"
      },
      "engines": {
        "node": ">=18"
      }
    },
    "node_modules/@intrnl/xxhash64": {
      "version": "0.1.2",
      "resolved": "https://registry.npmjs.org/@intrnl/xxhash64/-/xxhash64-0.1.2.tgz",
      "integrity": "sha512-1+lx7j99fdph+uy3EnjQyr39KQZ7LP56+aWOr6finJWpgYpvb7XrhFUqDwnEk/wpPC98nCjAT6RulpW3crWjlg==",
      "license": "MIT"
    },
    "node_modules/@types/node": {
      "version": "24.10.8",
      "resolved": "https://registry.npmjs.org/@types/node/-/node-24.10.8.tgz",
      "integrity": "sha512-r0bBaXu5Swb05doFYO2kTWHMovJnNVbCsII0fhesM8bNRlLhXIuckley4a2DaD+vOdmm5G+zGkQZAPZsF80+YQ==",
      "dev": true,
      "license": "MIT",
      "dependencies": {
        "undici-types": "~7.16.0"
      }
    },
    "node_modules/@types/react": {
      "version": "19.2.8",
      "resolved": "https://registry.npmjs.org/@types/react/-/react-19.2.8.tgz",
      "integrity": "sha512-3MbSL37jEchWZz2p2mjntRZtPt837ij10ApxKfgmXCTuHWagYg7iA5bqPw6C8BMPfwidlvfPI/fxOc42HLhcyg==",
      "dev": true,
      "license": "MIT",
      "dependencies": {
        "csstype": "^3.2.2"
      }
    },
    "node_modules/@types/react-dom": {
      "version": "19.2.3",
      "resolved": "https://registry.npmjs.org/@types/react-dom/-/react-dom-19.2.3.tgz",
      "integrity": "sha512-jp2L/eY6fn+KgVVQAOqYItbF0VY/YApe5Mz2F0aykSO8gx31bYCZyvSeYxCHKvzHG5eZjc+zyaS5BrBWya2+kQ==",
      "dev": true,
      "license": "MIT",
      "peerDependencies": {
        "@types/react": "^19.2.0"
      }
    },
    "node_modules/@vap/core": {
      "version": "0.0.12",
      "resolved": "https://registry.npmjs.org/@vap/core/-/core-0.0.12.tgz",
      "integrity": "sha512-3csHpkE1zUSRTZwl7xIf2uXg1cD4IhhtUm0F6K/dWydc95R5Nj+krB4OTNATuqkewIv/ViCbwjPfkafAgvZQSg==",
      "license": "MIT",
      "dependencies": {
        "eventemitter3": "^4.0.7"
      }
    },
    "node_modules/@vap/shiki": {
      "version": "0.10.5",
      "resolved": "https://registry.npmjs.org/@vap/shiki/-/shiki-0.10.5.tgz",
      "integrity": "sha512-5BHVGvQT8qonbLSASon5aQFQ18OZU4FxSl9tLSj6oJ0sap3KdMbYcfGq25M9zFZR1g1dJN7fgjmZXBIS5omIdw==",
      "license": "MIT",
      "dependencies": {
        "jsonc-parser": "^3.0.0",
        "vscode-oniguruma": "^1.6.1",
        "vscode-textmate": "5.2.0"
      }
    },
    "node_modules/csstype": {
      "version": "3.2.3",
      "resolved": "https://registry.npmjs.org/csstype/-/csstype-3.2.3.tgz",
      "integrity": "sha512-z1HGKcYy2xA8AGQfwrn0PAy+PB7X/GSj3UVJW9qKyn43xWa+gl5nXmU4qqLMRzWVLFC8KusUX8T/0kCiOYpAIQ==",
      "dev": true,
      "license": "MIT"
    },
    "node_modules/dompurify": {
      "version": "3.1.7",
      "resolved": "https://registry.npmjs.org/dompurify/-/dompurify-3.1.7.tgz",
      "integrity": "sha512-VaTstWtsneJY8xzy7DekmYWEOZcmzIe3Qb3zPd4STve1OBTa+e+WmS1ITQec1fZYXI3HCsOZZiSMpG6oxoWMWQ==",
      "license": "(MPL-2.0 OR Apache-2.0)"
    },
    "node_modules/eventemitter3": {
      "version": "4.0.7",
      "resolved": "https://registry.npmjs.org/eventemitter3/-/eventemitter3-4.0.7.tgz",
      "integrity": "sha512-8guHBZCwKnFhYdHr2ysuRWErTwhoN2X8XELRlrRwpmfeY2jjuUN4taQMsULKUVo1K4DvZl+0pgfyoysHxvmvEw==",
      "license": "MIT"
    },
    "node_modules/fflate": {
      "version": "0.8.2",
      "resolved": "https://registry.npmjs.org/fflate/-/fflate-0.8.2.tgz",
      "integrity": "sha512-cPJU47OaAoCbg0pBvzsgpTPhmhqI5eJjh/JIu8tPj5q+T7iLvW/JAYUqmE7KOB4R1ZyEhzBaIQpQpardBF5z8A==",
      "license": "MIT"
    },
    "node_modules/gifenc": {
      "version": "1.0.3",
      "resolved": "git+ssh://git@github.com/mattdesl/gifenc.git#64842fca317b112a8590f8fef2bf3825da8f6fe3",
      "integrity": "sha512-TCgWVyjxLxM20WaQQT5neiMbdt2cuFL0BngwxcK8sV9x+M6IF0x3RIETc3VRVxfmRUxzZk+Yfv1b9cLdDnTRIw==",
      "license": "MIT"
    },
    "node_modules/jsonc-parser": {
      "version": "3.3.1",
      "resolved": "https://registry.npmjs.org/jsonc-parser/-/jsonc-parser-3.3.1.tgz",
      "integrity": "sha512-HUgH65KyejrUFPvHFPbqOY0rsFip3Bo5wb4ngvdi1EpCYWUQDC5V+Y7mZws+DLkr4M//zQJoanu1SP+87Dv1oQ==",
      "license": "MIT"
    },
    "node_modules/marked": {
      "version": "14.0.0",
      "resolved": "https://registry.npmjs.org/marked/-/marked-14.0.0.tgz",
      "integrity": "sha512-uIj4+faQ+MgHgwUW1l2PsPglZLOLOT1uErt06dAPtx2kjteLAkbsd/0FiYg/MGS+i7ZKLb7w2WClxHkzOOuryQ==",
      "license": "MIT",
      "bin": {
        "marked": "bin/marked.js"
      },
      "engines": {
        "node": ">= 18"
      }
    },
    "node_modules/monaco-editor": {
      "version": "0.54.0",
      "resolved": "https://registry.npmjs.org/monaco-editor/-/monaco-editor-0.54.0.tgz",
      "integrity": "sha512-hx45SEUoLatgWxHKCmlLJH81xBo0uXP4sRkESUpmDQevfi+e7K1VuiSprK6UpQ8u4zOcKNiH0pMvHvlMWA/4cw==",
      "license": "MIT",
      "dependencies": {
        "dompurify": "3.1.7",
        "marked": "14.0.0"
      }
    },
    "node_modules/nanoid": {
      "version": "5.1.6",
      "resolved": "https://registry.npmjs.org/nanoid/-/nanoid-5.1.6.tgz",
      "integrity": "sha512-c7+7RQ+dMB5dPwwCp4ee1/iV/q2P6aK1mTZcfr1BTuVlyW9hJYiMPybJCcnBlQtuSmTIWNeazm/zqNoZSSElBg==",
      "funding": [
        {
          "type": "github",
          "url": "https://github.com/sponsors/ai"
        }
      ],
      "license": "MIT",
      "bin": {
        "nanoid": "bin/nanoid.js"
      },
      "engines": {
        "node": "^18 || >=20"
      }
    },
    "node_modules/typescript": {
      "version": "5.9.3",
      "resolved": "https://registry.npmjs.org/typescript/-/typescript-5.9.3.tgz",
      "integrity": "sha512-jl1vZzPDinLr9eUt3J/t7V6FgNEw9QjvBPdysz9KfQDD41fQrC2Y4vKQdiaUpFT4bXlb1RHhLpp8wtm6M5TgSw==",
      "dev": true,
      "license": "Apache-2.0",
      "bin": {
        "tsc": "bin/tsc",
        "tsserver": "bin/tsserver"
      },
      "engines": {
        "node": ">=14.17"
      }
    },
    "node_modules/undici-types": {
      "version": "7.16.0",
      "resolved": "https://registry.npmjs.org/undici-types/-/undici-types-7.16.0.tgz",
      "integrity": "sha512-Zz+aZWSj8LE6zoxD+xrjh4VfkIG8Ya6LvYkZqtUQGJPZjYl53ypCaUwWqo7eI0x66KBGeRo+mlBEkMSeSZ38Nw==",
      "dev": true,
      "license": "MIT"
    },
    "node_modules/virtual-merge": {
      "version": "1.0.2",
      "resolved": "https://registry.npmjs.org/virtual-merge/-/virtual-merge-1.0.2.tgz",
      "integrity": "sha512-5hxklfyTUWMKYaLuoriOf9Xqmt3oWtfAiZw0M3ITeeNmVdKhcnys7rYyfBHqvy/hlELP0hQ4u7o1r5HBXbm6sg==",
      "license": "MIT"
    },
    "node_modules/vscode-oniguruma": {
      "version": "1.7.0",
      "resolved": "https://registry.npmjs.org/vscode-oniguruma/-/vscode-oniguruma-1.7.0.tgz",
      "integrity": "sha512-L9WMGRfrjOhgHSdOYgCt/yRMsXzLDJSL7BPrOZt73gU0iWO4mpqzqQzOz5srxqTvMBaR0XZTSrVWo4j55Rc6cA==",
      "license": "MIT"
    },
    "node_modules/vscode-textmate": {
      "version": "5.2.0",
      "resolved": "https://registry.npmjs.org/vscode-textmate/-/vscode-textmate-5.2.0.tgz",
      "integrity": "sha512-Uw5ooOQxRASHgu6C7GVvUxisKXfSgW4oFlO+aa+PAkgmH89O3CXxEEzNRNtHSqtXFTl0nAC1uYj0GMSH27uwtQ==",
      "license": "MIT"
    }
  }
}
